// !$*UTF8*$!
{
	archiveVersion = 1;
	classes = {
	};
	objectVersion = 56;
	objects = {

/* Begin PBXBuildFile section */
		37FEFE9E2C97191200FCCCBF /* Azimuth7_01App.swift in Sources */ = {isa = PBXBuildFile; fileRef = 37FEFE9D2C97191200FCCCBF /* Azimuth7_01App.swift */; };
		37FEFEA02C97191200FCCCBF /* ContentView.swift in Sources */ = {isa = PBXBuildFile; fileRef = 37FEFE9F2C97191200FCCCBF /* ContentView.swift */; };
		37FEFEA22C97191400FCCCBF /* Assets.xcassets in Resources */ = {isa = PBXBuildFile; fileRef = 37FEFEA12C97191400FCCCBF /* Assets.xcassets */; };
		37FEFEA62C97191400FCCCBF /* Preview Assets.xcassets in Resources */ = {isa = PBXBuildFile; fileRef = 37FEFEA52C97191400FCCCBF /* Preview Assets.xcassets */; };
		37FEFEB02C97191400FCCCBF /* Azimuth7_01Tests.swift in Sources */ = {isa = PBXBuildFile; fileRef = 37FEFEAF2C97191400FCCCBF /* Azimuth7_01Tests.swift */; };
		37FEFEBA2C97191400FCCCBF /* Azimuth7_01UITests.swift in Sources */ = {isa = PBXBuildFile; fileRef = 37FEFEB92C97191400FCCCBF /* Azimuth7_01UITests.swift */; };
		37FEFEBC2C97191400FCCCBF /* Azimuth7_01UITestsLaunchTests.swift in Sources */ = {isa = PBXBuildFile; fileRef = 37FEFEBB2C97191400FCCCBF /* Azimuth7_01UITestsLaunchTests.swift */; };
/* End PBXBuildFile section */

/* Begin PBXContainerItemProxy section */
		37FEFEAC2C97191400FCCCBF /* PBXContainerItemProxy */ = {
			isa = PBXContainerItemProxy;
			containerPortal = 37FEFE922C97191200FCCCBF /* Project object */;
			proxyType = 1;
			remoteGlobalIDString = 37FEFE992C97191200FCCCBF;
			remoteInfo = Azimuth7.01;
		};
		37FEFEB62C97191400FCCCBF /* PBXContainerItemProxy */ = {
			isa = PBXContainerItemProxy;
			containerPortal = 37FEFE922C97191200FCCCBF /* Project object */;
			proxyType = 1;
			remoteGlobalIDString = 37FEFE992C97191200FCCCBF;
			remoteInfo = Azimuth7.01;
		};
/* End PBXContainerItemProxy section */

/* Begin PBXFileReference section */
		37FEFE9A2C97191200FCCCBF /* Azimuth7.01.app */ = {isa = PBXFileReference; explicitFileType = wrapper.application; includeInIndex = 0; path = Azimuth7.01.app; sourceTree = BUILT_PRODUCTS_DIR; };
		37FEFE9D2C97191200FCCCBF /* Azimuth7_01App.swift */ = {isa = PBXFileReference; lastKnownFileType = sourcecode.swift; path = Azimuth7_01App.swift; sourceTree = "<group>"; };
		37FEFE9F2C97191200FCCCBF /* ContentView.swift */ = {isa = PBXFileReference; lastKnownFileType = sourcecode.swift; path = ContentView.swift; sourceTree = "<group>"; };
		37FEFEA12C97191400FCCCBF /* Assets.xcassets */ = {isa = PBXFileReference; lastKnownFileType = folder.assetcatalog; path = Assets.xcassets; sourceTree = "<group>"; };
		37FEFEA32C97191400FCCCBF /* Azimuth7_01.entitlements */ = {isa = PBXFileReference; lastKnownFileType = text.plist.entitlements; path = Azimuth7_01.entitlements; sourceTree = "<group>"; };
		37FEFEA52C97191400FCCCBF /* Preview Assets.xcassets */ = {isa = PBXFileReference; lastKnownFileType = folder.assetcatalog; path = "Preview Assets.xcassets"; sourceTree = "<group>"; };
		37FEFEAB2C97191400FCCCBF /* Azimuth7.01Tests.xctest */ = {isa = PBXFileReference; explicitFileType = wrapper.cfbundle; includeInIndex = 0; path = Azimuth7.01Tests.xctest; sourceTree = BUILT_PRODUCTS_DIR; };
		37FEFEAF2C97191400FCCCBF /* Azimuth7_01Tests.swift */ = {isa = PBXFileReference; lastKnownFileType = sourcecode.swift; path = Azimuth7_01Tests.swift; sourceTree = "<group>"; };
		37FEFEB52C97191400FCCCBF /* Azimuth7.01UITests.xctest */ = {isa = PBXFileReference; explicitFileType = wrapper.cfbundle; includeInIndex = 0; path = Azimuth7.01UITests.xctest; sourceTree = BUILT_PRODUCTS_DIR; };
		37FEFEB92C97191400FCCCBF /* Azimuth7_01UITests.swift */ = {isa = PBXFileReference; lastKnownFileType = sourcecode.swift; path = Azimuth7_01UITests.swift; sourceTree = "<group>"; };
		37FEFEBB2C97191400FCCCBF /* Azimuth7_01UITestsLaunchTests.swift */ = {isa = PBXFileReference; lastKnownFileType = sourcecode.swift; path = Azimuth7_01UITestsLaunchTests.swift; sourceTree = "<group>"; };
/* End PBXFileReference section */

/* Begin PBXFrameworksBuildPhase section */
		37FEFE972C97191200FCCCBF /* Frameworks */ = {
			isa = PBXFrameworksBuildPhase;
			buildActionMask = 2147483647;
			files = (
			);
			runOnlyForDeploymentPostprocessing = 0;
		};
		37FEFEA82C97191400FCCCBF /* Frameworks */ = {
			isa = PBXFrameworksBuildPhase;
			buildActionMask = 2147483647;
			files = (
			);
			runOnlyForDeploymentPostprocessing = 0;
		};
		37FEFEB22C97191400FCCCBF /* Frameworks */ = {
			isa = PBXFrameworksBuildPhase;
			buildActionMask = 2147483647;
			files = (
			);
			runOnlyForDeploymentPostprocessing = 0;
		};
/* End PBXFrameworksBuildPhase section */

/* Begin PBXGroup section */
		37FEFE912C97191200FCCCBF = {
			isa = PBXGroup;
			children = (
				37FEFE9C2C97191200FCCCBF /* Azimuth7.01 */,
				37FEFEAE2C97191400FCCCBF /* Azimuth7.01Tests */,
				37FEFEB82C97191400FCCCBF /* Azimuth7.01UITests */,
				37FEFE9B2C97191200FCCCBF /* Products */,
			);
			sourceTree = "<group>";
		};
		37FEFE9B2C97191200FCCCBF /* Products */ = {
			isa = PBXGroup;
			children = (
				37FEFE9A2C97191200FCCCBF /* Azimuth7.01.app */,
				37FEFEAB2C97191400FCCCBF /* Azimuth7.01Tests.xctest */,
				37FEFEB52C97191400FCCCBF /* Azimuth7.01UITests.xctest */,
			);
			name = Products;
			sourceTree = "<group>";
		};
		37FEFE9C2C97191200FCCCBF /* Azimuth7.01 */ = {
			isa = PBXGroup;
			children = (
				37FEFE9D2C97191200FCCCBF /* Azimuth7_01App.swift */,
				37FEFE9F2C97191200FCCCBF /* ContentView.swift */,
				37FEFEA12C97191400FCCCBF /* Assets.xcassets */,
				37FEFEA32C97191400FCCCBF /* Azimuth7_01.entitlements */,
				37FEFEA42C97191400FCCCBF /* Preview Content */,
			);
			path = Azimuth7.01;
			sourceTree = "<group>";
		};
		37FEFEA42C97191400FCCCBF /* Preview Content */ = {
			isa = PBXGroup;
			children = (
				37FEFEA52C97191400FCCCBF /* Preview Assets.xcassets */,
			);
			path = "Preview Content";
			sourceTree = "<group>";
		};
		37FEFEAE2C97191400FCCCBF /* Azimuth7.01Tests */ = {
			isa = PBXGroup;
			children = (
				37FEFEAF2C97191400FCCCBF /* Azimuth7_01Tests.swift */,
			);
			path = Azimuth7.01Tests;
			sourceTree = "<group>";
		};
		37FEFEB82C97191400FCCCBF /* Azimuth7.01UITests */ = {
			isa = PBXGroup;
			children = (
				37FEFEB92C97191400FCCCBF /* Azimuth7_01UITests.swift */,
				37FEFEBB2C97191400FCCCBF /* Azimuth7_01UITestsLaunchTests.swift */,
			);
			path = Azimuth7.01UITests;
			sourceTree = "<group>";
		};
/* End PBXGroup section */

/* Begin PBXNativeTarget section */
		37FEFE992C97191200FCCCBF /* Azimuth7.01 */ = {
			isa = PBXNativeTarget;
			buildConfigurationList = 37FEFEBF2C97191400FCCCBF /* Build configuration list for PBXNativeTarget "Azimuth7.01" */;
			buildPhases = (
				37FEFE962C97191200FCCCBF /* Sources */,
				37FEFE972C97191200FCCCBF /* Frameworks */,
				37FEFE982C97191200FCCCBF /* Resources */,
			);
			buildRules = (
			);
			dependencies = (
			);
			name = Azimuth7.01;
			productName = Azimuth7.01;
			productReference = 37FEFE9A2C97191200FCCCBF /* Azimuth7.01.app */;
			productType = "com.apple.product-type.application";
		};
		37FEFEAA2C97191400FCCCBF /* Azimuth7.01Tests */ = {
			isa = PBXNativeTarget;
			buildConfigurationList = 37FEFEC22C97191400FCCCBF /* Build configuration list for PBXNativeTarget "Azimuth7.01Tests" */;
			buildPhases = (
				37FEFEA72C97191400FCCCBF /* Sources */,
				37FEFEA82C97191400FCCCBF /* Frameworks */,
				37FEFEA92C97191400FCCCBF /* Resources */,
			);
			buildRules = (
			);
			dependencies = (
				37FEFEAD2C97191400FCCCBF /* PBXTargetDependency */,
			);
			name = Azimuth7.01Tests;
			productName = Azimuth7.01Tests;
			productReference = 37FEFEAB2C97191400FCCCBF /* Azimuth7.01Tests.xctest */;
			productType = "com.apple.product-type.bundle.unit-test";
		};
		37FEFEB42C97191400FCCCBF /* Azimuth7.01UITests */ = {
			isa = PBXNativeTarget;
			buildConfigurationList = 37FEFEC52C97191400FCCCBF /* Build configuration list for PBXNativeTarget "Azimuth7.01UITests" */;
			buildPhases = (
				37FEFEB12C97191400FCCCBF /* Sources */,
				37FEFEB22C97191400FCCCBF /* Frameworks */,
				37FEFEB32C97191400FCCCBF /* Resources */,
			);
			buildRules = (
			);
			dependencies = (
				37FEFEB72C97191400FCCCBF /* PBXTargetDependency */,
			);
			name = Azimuth7.01UITests;
			productName = Azimuth7.01UITests;
			productReference = 37FEFEB52C97191400FCCCBF /* Azimuth7.01UITests.xctest */;
			productType = "com.apple.product-type.bundle.ui-testing";
		};
/* End PBXNativeTarget section */

/* Begin PBXProject section */
		37FEFE922C97191200FCCCBF /* Project object */ = {
			isa = PBXProject;
			attributes = {
				BuildIndependentTargetsInParallel = 1;
				LastSwiftUpdateCheck = 1540;
				LastUpgradeCheck = 1540;
				TargetAttributes = {
					37FEFE992C97191200FCCCBF = {
						CreatedOnToolsVersion = 15.4;
					};
					37FEFEAA2C97191400FCCCBF = {
						CreatedOnToolsVersion = 15.4;
						TestTargetID = 37FEFE992C97191200FCCCBF;
					};
					37FEFEB42C97191400FCCCBF = {
						CreatedOnToolsVersion = 15.4;
						TestTargetID = 37FEFE992C97191200FCCCBF;
					};
				};
			};
			buildConfigurationList = 37FEFE952C97191200FCCCBF /* Build configuration list for PBXProject "Azimuth7.01" */;
			compatibilityVersion = "Xcode 14.0";
			developmentRegion = en;
			hasScannedForEncodings = 0;
			knownRegions = (
				en,
				Base,
			);
			mainGroup = 37FEFE912C97191200FCCCBF;
			productRefGroup = 37FEFE9B2C97191200FCCCBF /* Products */;
			projectDirPath = "";
			projectRoot = "";
			targets = (
				37FEFE992C97191200FCCCBF /* Azimuth7.01 */,
				37FEFEAA2C97191400FCCCBF /* Azimuth7.01Tests */,
				37FEFEB42C97191400FCCCBF /* Azimuth7.01UITests */,
			);
		};
/* End PBXProject section */

/* Begin PBXResourcesBuildPhase section */
		37FEFE982C97191200FCCCBF /* Resources */ = {
			isa = PBXResourcesBuildPhase;
			buildActionMask = 2147483647;
			files = (
				37FEFEA62C97191400FCCCBF /* Preview Assets.xcassets in Resources */,
				37FEFEA22C97191400FCCCBF /* Assets.xcassets in Resources */,
			);
			runOnlyForDeploymentPostprocessing = 0;
		};
		37FEFEA92C97191400FCCCBF /* Resources */ = {
			isa = PBXResourcesBuildPhase;
			buildActionMask = 2147483647;
			files = (
			);
			runOnlyForDeploymentPostprocessing = 0;
		};
		37FEFEB32C97191400FCCCBF /* Resources */ = {
			isa = PBXResourcesBuildPhase;
			buildActionMask = 2147483647;
			files = (
			);
			runOnlyForDeploymentPostprocessing = 0;
		};
/* End PBXResourcesBuildPhase section */

/* Begin PBXSourcesBuildPhase section */
		37FEFE962C97191200FCCCBF /* Sources */ = {
			isa = PBXSourcesBuildPhase;
			buildActionMask = 2147483647;
			files = (
				37FEFEA02C97191200FCCCBF /* ContentView.swift in Sources */,
				37FEFE9E2C97191200FCCCBF /* Azimuth7_01App.swift in Sources */,
			);
			runOnlyForDeploymentPostprocessing = 0;
		};
		37FEFEA72C97191400FCCCBF /* Sources */ = {
			isa = PBXSourcesBuildPhase;
			buildActionMask = 2147483647;
			files = (
				37FEFEB02C97191400FCCCBF /* Azimuth7_01Tests.swift in Sources */,
			);
			runOnlyForDeploymentPostprocessing = 0;
		};
		37FEFEB12C97191400FCCCBF /* Sources */ = {
			isa = PBXSourcesBuildPhase;
			buildActionMask = 2147483647;
			files = (
				37FEFEBC2C97191400FCCCBF /* Azimuth7_01UITestsLaunchTests.swift in Sources */,
				37FEFEBA2C97191400FCCCBF /* Azimuth7_01UITests.swift in Sources */,
			);
			runOnlyForDeploymentPostprocessing = 0;
		};
/* End PBXSourcesBuildPhase section */

/* Begin PBXTargetDependency section */
		37FEFEAD2C97191400FCCCBF /* PBXTargetDependency */ = {
			isa = PBXTargetDependency;
			target = 37FEFE992C97191200FCCCBF /* Azimuth7.01 */;
			targetProxy = 37FEFEAC2C97191400FCCCBF /* PBXContainerItemProxy */;
		};
		37FEFEB72C97191400FCCCBF /* PBXTargetDependency */ = {
			isa = PBXTargetDependency;
			target = 37FEFE992C97191200FCCCBF /* Azimuth7.01 */;
			targetProxy = 37FEFEB62C97191400FCCCBF /* PBXContainerItemProxy */;
		};
/* End PBXTargetDependency section */

/* Begin XCBuildConfiguration section */
		37FEFEBD2C97191400FCCCBF /* Debug */ = {
			isa = XCBuildConfiguration;
			buildSettings = {
				ALWAYS_SEARCH_USER_PATHS = NO;
				ASSETCATALOG_COMPILER_GENERATE_SWIFT_ASSET_SYMBOL_EXTENSIONS = YES;
				CLANG_ANALYZER_NONNULL = YES;
				CLANG_ANALYZER_NUMBER_OBJECT_CONVERSION = YES_AGGRESSIVE;
				CLANG_CXX_LANGUAGE_STANDARD = "gnu++20";
				CLANG_ENABLE_MODULES = YES;
				CLANG_ENABLE_OBJC_ARC = YES;
				CLANG_ENABLE_OBJC_WEAK = YES;
				CLANG_WARN_BLOCK_CAPTURE_AUTORELEASING = YES;
				CLANG_WARN_BOOL_CONVERSION = YES;
				CLANG_WARN_COMMA = YES;
				CLANG_WARN_CONSTANT_CONVERSION = YES;
				CLANG_WARN_DEPRECATED_OBJC_IMPLEMENTATIONS = YES;
				CLANG_WARN_DIRECT_OBJC_ISA_USAGE = YES_ERROR;
				CLANG_WARN_DOCUMENTATION_COMMENTS = YES;
				CLANG_WARN_EMPTY_BODY = YES;
				CLANG_WARN_ENUM_CONVERSION = YES;
				CLANG_WARN_INFINITE_RECURSION = YES;
				CLANG_WARN_INT_CONVERSION = YES;
				CLANG_WARN_NON_LITERAL_NULL_CONVERSION = YES;
				CLANG_WARN_OBJC_IMPLICIT_RETAIN_SELF = YES;
				CLANG_WARN_OBJC_LITERAL_CONVERSION = YES;
				CLANG_WARN_OBJC_ROOT_CLASS = YES_ERROR;
				CLANG_WARN_QUOTED_INCLUDE_IN_FRAMEWORK_HEADER = YES;
				CLANG_WARN_RANGE_LOOP_ANALYSIS = YES;
				CLANG_WARN_STRICT_PROTOTYPES = YES;
				CLANG_WARN_SUSPICIOUS_MOVE = YES;
				CLANG_WARN_UNGUARDED_AVAILABILITY = YES_AGGRESSIVE;
				CLANG_WARN_UNREACHABLE_CODE = YES;
				CLANG_WARN__DUPLICATE_METHOD_MATCH = YES;
				COPY_PHASE_STRIP = NO;
				DEBUG_INFORMATION_FORMAT = dwarf;
				ENABLE_STRICT_OBJC_MSGSEND = YES;
				ENABLE_TESTABILITY = YES;
				ENABLE_USER_SCRIPT_SANDBOXING = YES;
				GCC_C_LANGUAGE_STANDARD = gnu17;
				GCC_DYNAMIC_NO_PIC = NO;
				GCC_NO_COMMON_BLOCKS = YES;
				GCC_OPTIMIZATION_LEVEL = 0;
				GCC_PREPROCESSOR_DEFINITIONS = (
					"DEBUG=1",
					"$(inherited)",
				);
				GCC_WARN_64_TO_32_BIT_CONVERSION = YES;
				GCC_WARN_ABOUT_RETURN_TYPE = YES_ERROR;
				GCC_WARN_UNDECLARED_SELECTOR = YES;
				GCC_WARN_UNINITIALIZED_AUTOS = YES_AGGRESSIVE;
				GCC_WARN_UNUSED_FUNCTION = YES;
				GCC_WARN_UNUSED_VARIABLE = YES;
				LOCALIZATION_PREFERS_STRING_CATALOGS = YES;
				MTL_ENABLE_DEBUG_INFO = INCLUDE_SOURCE;
				MTL_FAST_MATH = YES;
				ONLY_ACTIVE_ARCH = YES;
				SWIFT_ACTIVE_COMPILATION_CONDITIONS = "DEBUG $(inherited)";
				SWIFT_OPTIMIZATION_LEVEL = "-Onone";
			};
			name = Debug;
		};
		37FEFEBE2C97191400FCCCBF /* Release */ = {
			isa = XCBuildConfiguration;
			buildSettings = {
				ALWAYS_SEARCH_USER_PATHS = NO;
				ASSETCATALOG_COMPILER_GENERATE_SWIFT_ASSET_SYMBOL_EXTENSIONS = YES;
				CLANG_ANALYZER_NONNULL = YES;
				CLANG_ANALYZER_NUMBER_OBJECT_CONVERSION = YES_AGGRESSIVE;
				CLANG_CXX_LANGUAGE_STANDARD = "gnu++20";
				CLANG_ENABLE_MODULES = YES;
				CLANG_ENABLE_OBJC_ARC = YES;
				CLANG_ENABLE_OBJC_WEAK = YES;
				CLANG_WARN_BLOCK_CAPTURE_AUTORELEASING = YES;
				CLANG_WARN_BOOL_CONVERSION = YES;
				CLANG_WARN_COMMA = YES;
				CLANG_WARN_CONSTANT_CONVERSION = YES;
				CLANG_WARN_DEPRECATED_OBJC_IMPLEMENTATIONS = YES;
				CLANG_WARN_DIRECT_OBJC_ISA_USAGE = YES_ERROR;
				CLANG_WARN_DOCUMENTATION_COMMENTS = YES;
				CLANG_WARN_EMPTY_BODY = YES;
				CLANG_WARN_ENUM_CONVERSION = YES;
				CLANG_WARN_INFINITE_RECURSION = YES;
				CLANG_WARN_INT_CONVERSION = YES;
				CLANG_WARN_NON_LITERAL_NULL_CONVERSION = YES;
				CLANG_WARN_OBJC_IMPLICIT_RETAIN_SELF = YES;
				CLANG_WARN_OBJC_LITERAL_CONVERSION = YES;
				CLANG_WARN_OBJC_ROOT_CLASS = YES_ERROR;
				CLANG_WARN_QUOTED_INCLUDE_IN_FRAMEWORK_HEADER = YES;
				CLANG_WARN_RANGE_LOOP_ANALYSIS = YES;
				CLANG_WARN_STRICT_PROTOTYPES = YES;
				CLANG_WARN_SUSPICIOUS_MOVE = YES;
				CLANG_WARN_UNGUARDED_AVAILABILITY = YES_AGGRESSIVE;
				CLANG_WARN_UNREACHABLE_CODE = YES;
				CLANG_WARN__DUPLICATE_METHOD_MATCH = YES;
				COPY_PHASE_STRIP = NO;
				DEBUG_INFORMATION_FORMAT = "dwarf-with-dsym";
				ENABLE_NS_ASSERTIONS = NO;
				ENABLE_STRICT_OBJC_MSGSEND = YES;
				ENABLE_USER_SCRIPT_SANDBOXING = YES;
				GCC_C_LANGUAGE_STANDARD = gnu17;
				GCC_NO_COMMON_BLOCKS = YES;
				GCC_WARN_64_TO_32_BIT_CONVERSION = YES;
				GCC_WARN_ABOUT_RETURN_TYPE = YES_ERROR;
				GCC_WARN_UNDECLARED_SELECTOR = YES;
				GCC_WARN_UNINITIALIZED_AUTOS = YES_AGGRESSIVE;
				GCC_WARN_UNUSED_FUNCTION = YES;
				GCC_WARN_UNUSED_VARIABLE = YES;
				LOCALIZATION_PREFERS_STRING_CATALOGS = YES;
				MTL_ENABLE_DEBUG_INFO = NO;
				MTL_FAST_MATH = YES;
				SWIFT_COMPILATION_MODE = wholemodule;
			};
			name = Release;
		};
		37FEFEC02C97191400FCCCBF /* Debug */ = {
			isa = XCBuildConfiguration;
			buildSettings = {
				ASSETCATALOG_COMPILER_APPICON_NAME = AppIcon;
				ASSETCATALOG_COMPILER_GLOBAL_ACCENT_COLOR_NAME = AccentColor;
				CODE_SIGN_ENTITLEMENTS = Azimuth7.01/Azimuth7_01.entitlements;
				CODE_SIGN_STYLE = Automatic;
				CURRENT_PROJECT_VERSION = 1;
				DEVELOPMENT_ASSET_PATHS = "\"Azimuth7.01/Preview Content\"";
				DEVELOPMENT_TEAM = 99S33YCFRB;
				ENABLE_HARDENED_RUNTIME = YES;
				ENABLE_PREVIEWS = YES;
				GENERATE_INFOPLIST_FILE = YES;
				"INFOPLIST_KEY_UIApplicationSceneManifest_Generation[sdk=iphoneos*]" = YES;
				"INFOPLIST_KEY_UIApplicationSceneManifest_Generation[sdk=iphonesimulator*]" = YES;
				"INFOPLIST_KEY_UIApplicationSupportsIndirectInputEvents[sdk=iphoneos*]" = YES;
				"INFOPLIST_KEY_UIApplicationSupportsIndirectInputEvents[sdk=iphonesimulator*]" = YES;
				"INFOPLIST_KEY_UILaunchScreen_Generation[sdk=iphoneos*]" = YES;
				"INFOPLIST_KEY_UILaunchScreen_Generation[sdk=iphonesimulator*]" = YES;
				"INFOPLIST_KEY_UIStatusBarStyle[sdk=iphoneos*]" = UIStatusBarStyleDefault;
				"INFOPLIST_KEY_UIStatusBarStyle[sdk=iphonesimulator*]" = UIStatusBarStyleDefault;
				INFOPLIST_KEY_UISupportedInterfaceOrientations_iPad = "UIInterfaceOrientationPortrait UIInterfaceOrientationPortraitUpsideDown UIInterfaceOrientationLandscapeLeft UIInterfaceOrientationLandscapeRight";
				INFOPLIST_KEY_UISupportedInterfaceOrientations_iPhone = "UIInterfaceOrientationPortrait UIInterfaceOrientationLandscapeLeft UIInterfaceOrientationLandscapeRight";
				IPHONEOS_DEPLOYMENT_TARGET = 17.5;
				LD_RUNPATH_SEARCH_PATHS = "@executable_path/Frameworks";
				"LD_RUNPATH_SEARCH_PATHS[sdk=macosx*]" = "@executable_path/../Frameworks";
				MACOSX_DEPLOYMENT_TARGET = 14.5;
				MARKETING_VERSION = 1.0;
				PRODUCT_BUNDLE_IDENTIFIER = "com.tnt.Azimuth7-01";
				PRODUCT_NAME = "$(TARGET_NAME)";
				SDKROOT = auto;
				SUPPORTED_PLATFORMS = "iphoneos iphonesimulator macosx";
				SWIFT_EMIT_LOC_STRINGS = YES;
				SWIFT_VERSION = 5.0;
				TARGETED_DEVICE_FAMILY = "1,2";
			};
			name = Debug;
		};
		37FEFEC12C97191400FCCCBF /* Release */ = {
			isa = XCBuildConfiguration;
			buildSettings = {
				ASSETCATALOG_COMPILER_APPICON_NAME = AppIcon;
				ASSETCATALOG_COMPILER_GLOBAL_ACCENT_COLOR_NAME = AccentColor;
				CODE_SIGN_ENTITLEMENTS = Azimuth7.01/Azimuth7_01.entitlements;
				CODE_SIGN_STYLE = Automatic;
				CURRENT_PROJECT_VERSION = 1;
				DEVELOPMENT_ASSET_PATHS = "\"Azimuth7.01/Preview Content\"";
				DEVELOPMENT_TEAM = 99S33YCFRB;
				ENABLE_HARDENED_RUNTIME = YES;
				ENABLE_PREVIEWS = YES;
				GENERATE_INFOPLIST_FILE = YES;
				"INFOPLIST_KEY_UIApplicationSceneManifest_Generation[sdk=iphoneos*]" = YES;
				"INFOPLIST_KEY_UIApplicationSceneManifest_Generation[sdk=iphonesimulator*]" = YES;
				"INFOPLIST_KEY_UIApplicationSupportsIndirectInputEvents[sdk=iphoneos*]" = YES;
				"INFOPLIST_KEY_UIApplicationSupportsIndirectInputEvents[sdk=iphonesimulator*]" = YES;
				"INFOPLIST_KEY_UILaunchScreen_Generation[sdk=iphoneos*]" = YES;
				"INFOPLIST_KEY_UILaunchScreen_Generation[sdk=iphonesimulator*]" = YES;
				"INFOPLIST_KEY_UIStatusBarStyle[sdk=iphoneos*]" = UIStatusBarStyleDefault;
				"INFOPLIST_KEY_UIStatusBarStyle[sdk=iphonesimulator*]" = UIStatusBarStyleDefault;
				INFOPLIST_KEY_UISupportedInterfaceOrientations_iPad = "UIInterfaceOrientationPortrait UIInterfaceOrientationPortraitUpsideDown UIInterfaceOrientationLandscapeLeft UIInterfaceOrientationLandscapeRight";
				INFOPLIST_KEY_UISupportedInterfaceOrientations_iPhone = "UIInterfaceOrientationPortrait UIInterfaceOrientationLandscapeLeft UIInterfaceOrientationLandscapeRight";
				IPHONEOS_DEPLOYMENT_TARGET = 17.5;
				LD_RUNPATH_SEARCH_PATHS = "@executable_path/Frameworks";
				"LD_RUNPATH_SEARCH_PATHS[sdk=macosx*]" = "@executable_path/../Frameworks";
				MACOSX_DEPLOYMENT_TARGET = 14.5;
				MARKETING_VERSION = 1.0;
				PRODUCT_BUNDLE_IDENTIFIER = "com.tnt.Azimuth7-01";
				PRODUCT_NAME = "$(TARGET_NAME)";
				SDKROOT = auto;
				SUPPORTED_PLATFORMS = "iphoneos iphonesimulator macosx";
				SWIFT_EMIT_LOC_STRINGS = YES;
				SWIFT_VERSION = 5.0;
				TARGETED_DEVICE_FAMILY = "1,2";
			};
			name = Release;
		};
		37FEFEC32C97191400FCCCBF /* Debug */ = {
			isa = XCBuildConfiguration;
			buildSettings = {
				ALWAYS_EMBED_SWIFT_STANDARD_LIBRARIES = YES;
				BUNDLE_LOADER = "$(TEST_HOST)";
				CODE_SIGN_STYLE = Automatic;
				CURRENT_PROJECT_VERSION = 1;
				DEVELOPMENT_TEAM = 99S33YCFRB;
				GENERATE_INFOPLIST_FILE = YES;
				IPHONEOS_DEPLOYMENT_TARGET = 17.5;
				MACOSX_DEPLOYMENT_TARGET = 14.5;
				MARKETING_VERSION = 1.0;
				PRODUCT_BUNDLE_IDENTIFIER = "com.tnt.Azimuth7-01Tests";
				PRODUCT_NAME = "$(TARGET_NAME)";
				SDKROOT = auto;
				SUPPORTED_PLATFORMS = "iphoneos iphonesimulator macosx";
				SWIFT_EMIT_LOC_STRINGS = NO;
				SWIFT_VERSION = 5.0;
				TARGETED_DEVICE_FAMILY = "1,2";
				TEST_HOST = "$(BUILT_PRODUCTS_DIR)/Azimuth7.01.app/$(BUNDLE_EXECUTABLE_FOLDER_PATH)/Azimuth7.01";
			};
			name = Debug;
		};
		37FEFEC42C97191400FCCCBF /* Release */ = {
			isa = XCBuildConfiguration;
			buildSettings = {
				ALWAYS_EMBED_SWIFT_STANDARD_LIBRARIES = YES;
				BUNDLE_LOADER = "$(TEST_HOST)";
				CODE_SIGN_STYLE = Automatic;
				CURRENT_PROJECT_VERSION = 1;
				DEVELOPMENT_TEAM = 99S33YCFRB;
				GENERATE_INFOPLIST_FILE = YES;
				IPHONEOS_DEPLOYMENT_TARGET = 17.5;
				MACOSX_DEPLOYMENT_TARGET = 14.5;
				MARKETING_VERSION = 1.0;
				PRODUCT_BUNDLE_IDENTIFIER = "com.tnt.Azimuth7-01Tests";
				PRODUCT_NAME = "$(TARGET_NAME)";
				SDKROOT = auto;
				SUPPORTED_PLATFORMS = "iphoneos iphonesimulator macosx";
				SWIFT_EMIT_LOC_STRINGS = NO;
				SWIFT_VERSION = 5.0;
				TARGETED_DEVICE_FAMILY = "1,2";
				TEST_HOST = "$(BUILT_PRODUCTS_DIR)/Azimuth7.01.app/$(BUNDLE_EXECUTABLE_FOLDER_PATH)/Azimuth7.01";
			};
			name = Release;
		};
		37FEFEC62C97191400FCCCBF /* Debug */ = {
			isa = XCBuildConfiguration;
			buildSettings = {
				ALWAYS_EMBED_SWIFT_STANDARD_LIBRARIES = YES;
				CODE_SIGN_STYLE = Automatic;
				CURRENT_PROJECT_VERSION = 1;
				DEVELOPMENT_TEAM = 99S33YCFRB;
				GENERATE_INFOPLIST_FILE = YES;
				IPHONEOS_DEPLOYMENT_TARGET = 17.5;
				MACOSX_DEPLOYMENT_TARGET = 14.5;
				MARKETING_VERSION = 1.0;
				PRODUCT_BUNDLE_IDENTIFIER = "com.tnt.Azimuth7-01UITests";
				PRODUCT_NAME = "$(TARGET_NAME)";
				SDKROOT = auto;
				SUPPORTED_PLATFORMS = "iphoneos iphonesimulator macosx";
				SWIFT_EMIT_LOC_STRINGS = NO;
				SWIFT_VERSION = 5.0;
				TARGETED_DEVICE_FAMILY = "1,2";
				TEST_TARGET_NAME = Azimuth7.01;
			};
			name = Debug;
		};
		37FEFEC72C97191400FCCCBF /* Release */ = {
			isa = XCBuildConfiguration;
			buildSettings = {
				ALWAYS_EMBED_SWIFT_STANDARD_LIBRARIES = YES;
				CODE_SIGN_STYLE = Automatic;
				CURRENT_PROJECT_VERSION = 1;
				DEVELOPMENT_TEAM = 99S33YCFRB;
				GENERATE_INFOPLIST_FILE = YES;
				IPHONEOS_DEPLOYMENT_TARGET = 17.5;
				MACOSX_DEPLOYMENT_TARGET = 14.5;
				MARKETING_VERSION = 1.0;
				PRODUCT_BUNDLE_IDENTIFIER = "com.tnt.Azimuth7-01UITests";
				PRODUCT_NAME = "$(TARGET_NAME)";
				SDKROOT = auto;
				SUPPORTED_PLATFORMS = "iphoneos iphonesimulator macosx";
				SWIFT_EMIT_LOC_STRINGS = NO;
				SWIFT_VERSION = 5.0;
				TARGETED_DEVICE_FAMILY = "1,2";
				TEST_TARGET_NAME = Azimuth7.01;
			};
			name = Release;
		};
/* End XCBuildConfiguration section */

/* Begin XCConfigurationList section */
		37FEFE952C97191200FCCCBF /* Build configuration list for PBXProject "Azimuth7.01" */ = {
			isa = XCConfigurationList;
			buildConfigurations = (
				37FEFEBD2C97191400FCCCBF /* Debug */,
				37FEFEBE2C97191400FCCCBF /* Release */,
			);
			defaultConfigurationIsVisible = 0;
			defaultConfigurationName = Release;
		};
		37FEFEBF2C97191400FCCCBF /* Build configuration list for PBXNativeTarget "Azimuth7.01" */ = {
			isa = XCConfigurationList;
			buildConfigurations = (
				37FEFEC02C97191400FCCCBF /* Debug */,
				37FEFEC12C97191400FCCCBF /* Release */,
			);
			defaultConfigurationIsVisible = 0;
			defaultConfigurationName = Release;
		};
		37FEFEC22C97191400FCCCBF /* Build configuration list for PBXNativeTarget "Azimuth7.01Tests" */ = {
			isa = XCConfigurationList;
			buildConfigurations = (
				37FEFEC32C97191400FCCCBF /* Debug */,
				37FEFEC42C97191400FCCCBF /* Release */,
			);
			defaultConfigurationIsVisible = 0;
			defaultConfigurationName = Release;
		};
		37FEFEC52C97191400FCCCBF /* Build configuration list for PBXNativeTarget "Azimuth7.01UITests" */ = {
			isa = XCConfigurationList;
			buildConfigurations = (
				37FEFEC62C97191400FCCCBF /* Debug */,
				37FEFEC72C97191400FCCCBF /* Release */,
			);
			defaultConfigurationIsVisible = 0;
			defaultConfigurationName = Release;
		};
/* End XCConfigurationList section */
	};
	rootObject = 37FEFE922C97191200FCCCBF /* Project object */;
}
